// !$*UTF8*$!
{
	archiveVersion = 1;
	classes = {
	};
	objectVersion = 46;
	objects = {

/* Begin PBXBuildFile section */
		440658831A064E48008E7BE7 /* main.m in Sources */ = {isa = PBXBuildFile; fileRef = 440658821A064E48008E7BE7 /* main.m */; };
		440658861A064E48008E7BE7 /* AppDelegate.m in Sources */ = {isa = PBXBuildFile; fileRef = 440658851A064E48008E7BE7 /* AppDelegate.m */; };
		440658891A064E48008E7BE7 /* ViewController.m in Sources */ = {isa = PBXBuildFile; fileRef = 440658881A064E48008E7BE7 /* ViewController.m */; };
		4406588C1A064E48008E7BE7 /* Main.storyboard in Resources */ = {isa = PBXBuildFile; fileRef = 4406588A1A064E48008E7BE7 /* Main.storyboard */; };
		4406588E1A064E48008E7BE7 /* Images.xcassets in Resources */ = {isa = PBXBuildFile; fileRef = 4406588D1A064E48008E7BE7 /* Images.xcassets */; };
		440658911A064E48008E7BE7 /* LaunchScreen.xib in Resources */ = {isa = PBXBuildFile; fileRef = 4406588F1A064E48008E7BE7 /* LaunchScreen.xib */; };
		4406589D1A064E48008E7BE7 /* IphoneAppTests.m in Sources */ = {isa = PBXBuildFile; fileRef = 4406589C1A064E48008E7BE7 /* IphoneAppTests.m */; };
/* End PBXBuildFile section */

/* Begin PBXContainerItemProxy section */
		440658971A064E48008E7BE7 /* PBXContainerItemProxy */ = {
			isa = PBXContainerItemProxy;
			containerPortal = 440658751A064E48008E7BE7 /* Project object */;
			proxyType = 1;
			remoteGlobalIDString = 4406587C1A064E48008E7BE7;
			remoteInfo = IphoneApp;
		};
/* End PBXContainerItemProxy section */

/* Begin PBXFileReference section */
		4406587D1A064E48008E7BE7 /* IphoneApp.app */ = {isa = PBXFileReference; explicitFileType = wrapper.application; includeInIndex = 0; path = IphoneApp.app; sourceTree = BUILT_PRODUCTS_DIR; };
		440658811A064E48008E7BE7 /* Info.plist */ = {isa = PBXFileReference; lastKnownFileType = text.plist.xml; path = Info.plist; sourceTree = "<group>"; };
		440658821A064E48008E7BE7 /* main.m */ = {isa = PBXFileReference; lastKnownFileType = sourcecode.c.objc; path = main.m; sourceTree = "<group>"; };
		440658841A064E48008E7BE7 /* AppDelegate.h */ = {isa = PBXFileReference; lastKnownFileType = sourcecode.c.h; path = AppDelegate.h; sourceTree = "<group>"; };
		440658851A064E48008E7BE7 /* AppDelegate.m */ = {isa = PBXFileReference; lastKnownFileType = sourcecode.c.objc; path = AppDelegate.m; sourceTree = "<group>"; };
		440658871A064E48008E7BE7 /* ViewController.h */ = {isa = PBXFileReference; lastKnownFileType = sourcecode.c.h; path = ViewController.h; sourceTree = "<group>"; };
		440658881A064E48008E7BE7 /* ViewController.m */ = {isa = PBXFileReference; lastKnownFileType = sourcecode.c.objc; path = ViewController.m; sourceTree = "<group>"; };
		4406588B1A064E48008E7BE7 /* Base */ = {isa = PBXFileReference; lastKnownFileType = file.storyboard; name = Base; path = Base.lproj/Main.storyboard; sourceTree = "<group>"; };
		4406588D1A064E48008E7BE7 /* Images.xcassets */ = {isa = PBXFileReference; lastKnownFileType = folder.assetcatalog; path = Images.xcassets; sourceTree = "<group>"; };
		440658901A064E48008E7BE7 /* Base */ = {isa = PBXFileReference; lastKnownFileType = file.xib; name = Base; path = Base.lproj/LaunchScreen.xib; sourceTree = "<group>"; };
		440658961A064E48008E7BE7 /* IphoneAppTests.xctest */ = {isa = PBXFileReference; explicitFileType = wrapper.cfbundle; includeInIndex = 0; path = IphoneAppTests.xctest; sourceTree = BUILT_PRODUCTS_DIR; };
		4406589B1A064E48008E7BE7 /* Info.plist */ = {isa = PBXFileReference; lastKnownFileType = text.plist.xml; path = Info.plist; sourceTree = "<group>"; };
		4406589C1A064E48008E7BE7 /* IphoneAppTests.m */ = {isa = PBXFileReference; lastKnownFileType = sourcecode.c.objc; path = IphoneAppTests.m; sourceTree = "<group>"; };
/* End PBXFileReference section */

/* Begin PBXFrameworksBuildPhase section */
		4406587A1A064E48008E7BE7 /* Frameworks */ = {
			isa = PBXFrameworksBuildPhase;
			buildActionMask = 2147483647;
			files = (
			);
			runOnlyForDeploymentPostprocessing = 0;
		};
		440658931A064E48008E7BE7 /* Frameworks */ = {
			isa = PBXFrameworksBuildPhase;
			buildActionMask = 2147483647;
			files = (
			);
			runOnlyForDeploymentPostprocessing = 0;
		};
/* End PBXFrameworksBuildPhase section */

/* Begin PBXGroup section */
		440658741A064E48008E7BE7 = {
			isa = PBXGroup;
			children = (
				4406587F1A064E48008E7BE7 /* IphoneApp */,
				440658991A064E48008E7BE7 /* IphoneAppTests */,
				4406587E1A064E48008E7BE7 /* Products */,
			);
			sourceTree = "<group>";
		};
		4406587E1A064E48008E7BE7 /* Products */ = {
			isa = PBXGroup;
			children = (
				4406587D1A064E48008E7BE7 /* IphoneApp.app */,
				440658961A064E48008E7BE7 /* IphoneAppTests.xctest */,
			);
			name = Products;
			sourceTree = "<group>";
		};
		4406587F1A064E48008E7BE7 /* IphoneApp */ = {
			isa = PBXGroup;
			children = (
				440658841A064E48008E7BE7 /* AppDelegate.h */,
				440658851A064E48008E7BE7 /* AppDelegate.m */,
				440658871A064E48008E7BE7 /* ViewController.h */,
				440658881A064E48008E7BE7 /* ViewController.m */,
				4406588A1A064E48008E7BE7 /* Main.storyboard */,
				4406588D1A064E48008E7BE7 /* Images.xcassets */,
				4406588F1A064E48008E7BE7 /* LaunchScreen.xib */,
				440658801A064E48008E7BE7 /* Supporting Files */,
			);
			path = IphoneApp;
			sourceTree = "<group>";
		};
		440658801A064E48008E7BE7 /* Supporting Files */ = {
			isa = PBXGroup;
			children = (
				440658811A064E48008E7BE7 /* Info.plist */,
				440658821A064E48008E7BE7 /* main.m */,
			);
			name = "Supporting Files";
			sourceTree = "<group>";
		};
		440658991A064E48008E7BE7 /* IphoneAppTests */ = {
			isa = PBXGroup;
			children = (
				4406589C1A064E48008E7BE7 /* IphoneAppTests.m */,
				4406589A1A064E48008E7BE7 /* Supporting Files */,
			);
			path = IphoneAppTests;
			sourceTree = "<group>";
		};
		4406589A1A064E48008E7BE7 /* Supporting Files */ = {
			isa = PBXGroup;
			children = (
				4406589B1A064E48008E7BE7 /* Info.plist */,
			);
			name = "Supporting Files";
			sourceTree = "<group>";
		};
/* End PBXGroup section */

/* Begin PBXNativeTarget section */
		4406587C1A064E48008E7BE7 /* IphoneApp */ = {
			isa = PBXNativeTarget;
			buildConfigurationList = 440658A01A064E48008E7BE7 /* Build configuration list for PBXNativeTarget "IphoneApp" */;
			buildPhases = (
				440658791A064E48008E7BE7 /* Sources */,
				4406587A1A064E48008E7BE7 /* Frameworks */,
				4406587B1A064E48008E7BE7 /* Resources */,
			);
			buildRules = (
			);
			dependencies = (
			);
			name = IphoneApp;
			productName = IphoneApp;
			productReference = 4406587D1A064E48008E7BE7 /* IphoneApp.app */;
			productType = "com.apple.product-type.application";
		};
		440658951A064E48008E7BE7 /* IphoneAppTests */ = {
			isa = PBXNativeTarget;
			buildConfigurationList = 440658A31A064E48008E7BE7 /* Build configuration list for PBXNativeTarget "IphoneAppTests" */;
			buildPhases = (
				440658921A064E48008E7BE7 /* Sources */,
				440658931A064E48008E7BE7 /* Frameworks */,
				440658941A064E48008E7BE7 /* Resources */,
			);
			buildRules = (
			);
			dependencies = (
				440658981A064E48008E7BE7 /* PBXTargetDependency */,
			);
			name = IphoneAppTests;
			productName = IphoneAppTests;
			productReference = 440658961A064E48008E7BE7 /* IphoneAppTests.xctest */;
			productType = "com.apple.product-type.bundle.unit-test";
		};
/* End PBXNativeTarget section */

/* Begin PBXProject section */
		440658751A064E48008E7BE7 /* Project object */ = {
			isa = PBXProject;
			attributes = {
				LastUpgradeCheck = 0610;
				ORGANIZATIONNAME = "Jeroen van der Es";
				TargetAttributes = {
					4406587C1A064E48008E7BE7 = {
						CreatedOnToolsVersion = 6.1;
					};
					440658951A064E48008E7BE7 = {
						CreatedOnToolsVersion = 6.1;
						TestTargetID = 4406587C1A064E48008E7BE7;
					};
				};
			};
			buildConfigurationList = 440658781A064E48008E7BE7 /* Build configuration list for PBXProject "IphoneApp" */;
			compatibilityVersion = "Xcode 3.2";
			developmentRegion = English;
			hasScannedForEncodings = 0;
			knownRegions = (
				en,
				Base,
			);
			mainGroup = 440658741A064E48008E7BE7;
			productRefGroup = 4406587E1A064E48008E7BE7 /* Products */;
			projectDirPath = "";
			projectRoot = "";
			targets = (
				4406587C1A064E48008E7BE7 /* IphoneApp */,
				440658951A064E48008E7BE7 /* IphoneAppTests */,
			);
		};
/* End PBXProject section */

/* Begin PBXResourcesBuildPhase section */
		4406587B1A064E48008E7BE7 /* Resources */ = {
			isa = PBXResourcesBuildPhase;
			buildActionMask = 2147483647;
			files = (
				4406588C1A064E48008E7BE7 /* Main.storyboard in Resources */,
				440658911A064E48008E7BE7 /* LaunchScreen.xib in Resources */,
				4406588E1A064E48008E7BE7 /* Images.xcassets in Resources */,
			);
			runOnlyForDeploymentPostprocessing = 0;
		};
		440658941A064E48008E7BE7 /* Resources */ = {
			isa = PBXResourcesBuildPhase;
			buildActionMask = 2147483647;
			files = (
			);
			runOnlyForDeploymentPostprocessing = 0;
		};
/* End PBXResourcesBuildPhase section */

/* Begin PBXSourcesBuildPhase section */
		440658791A064E48008E7BE7 /* Sources */ = {
			isa = PBXSourcesBuildPhase;
			buildActionMask = 2147483647;
			files = (
				440658891A064E48008E7BE7 /* ViewController.m in Sources */,
				440658861A064E48008E7BE7 /* AppDelegate.m in Sources */,
				440658831A064E48008E7BE7 /* main.m in Sources */,
			);
			runOnlyForDeploymentPostprocessing = 0;
		};
		440658921A064E48008E7BE7 /* Sources */ = {
			isa = PBXSourcesBuildPhase;
			buildActionMask = 2147483647;
			files = (
				4406589D1A064E48008E7BE7 /* IphoneAppTests.m in Sources */,
			);
			runOnlyForDeploymentPostprocessing = 0;
		};
/* End PBXSourcesBuildPhase section */

/* Begin PBXTargetDependency section */
		440658981A064E48008E7BE7 /* PBXTargetDependency */ = {
			isa = PBXTargetDependency;
			target = 4406587C1A064E48008E7BE7 /* IphoneApp */;
			targetProxy = 440658971A064E48008E7BE7 /* PBXContainerItemProxy */;
		};
/* End PBXTargetDependency section */

/* Begin PBXVariantGroup section */
		4406588A1A064E48008E7BE7 /* Main.storyboard */ = {
			isa = PBXVariantGroup;
			children = (
				4406588B1A064E48008E7BE7 /* Base */,
			);
			name = Main.storyboard;
			sourceTree = "<group>";
		};
		4406588F1A064E48008E7BE7 /* LaunchScreen.xib */ = {
			isa = PBXVariantGroup;
			children = (
				440658901A064E48008E7BE7 /* Base */,
			);
			name = LaunchScreen.xib;
			sourceTree = "<group>";
		};
/* End PBXVariantGroup section */

/* Begin XCBuildConfiguration section */
		4406589E1A064E48008E7BE7 /* Debug */ = {
			isa = XCBuildConfiguration;
			buildSettings = {
				ALWAYS_SEARCH_USER_PATHS = NO;
				CLANG_CXX_LANGUAGE_STANDARD = "gnu++0x";
				CLANG_CXX_LIBRARY = "libc++";
				CLANG_ENABLE_MODULES = YES;
				CLANG_ENABLE_OBJC_ARC = YES;
				CLANG_WARN_BOOL_CONVERSION = YES;
				CLANG_WARN_CONSTANT_CONVERSION = YES;
				CLANG_WARN_DIRECT_OBJC_ISA_USAGE = YES_ERROR;
				CLANG_WARN_EMPTY_BODY = YES;
				CLANG_WARN_ENUM_CONVERSION = YES;
				CLANG_WARN_INT_CONVERSION = YES;
				CLANG_WARN_OBJC_ROOT_CLASS = YES_ERROR;
				CLANG_WARN_UNREACHABLE_CODE = YES;
				CLANG_WARN__DUPLICATE_METHOD_MATCH = YES;
				"CODE_SIGN_IDENTITY[sdk=iphoneos*]" = "iPhone Developer";
				COPY_PHASE_STRIP = NO;
				ENABLE_STRICT_OBJC_MSGSEND = YES;
				GCC_C_LANGUAGE_STANDARD = gnu99;
				GCC_DYNAMIC_NO_PIC = NO;
				GCC_OPTIMIZATION_LEVEL = 0;
				GCC_PREPROCESSOR_DEFINITIONS = (
					"DEBUG=1",
					"$(inherited)",
				);
				GCC_SYMBOLS_PRIVATE_EXTERN = NO;
				GCC_WARN_64_TO_32_BIT_CONVERSION = YES;
				GCC_WARN_ABOUT_RETURN_TYPE = YES_ERROR;
				GCC_WARN_UNDECLARED_SELECTOR = YES;
				GCC_WARN_UNINITIALIZED_AUTOS = YES_AGGRESSIVE;
				GCC_WARN_UNUSED_FUNCTION = YES;
				GCC_WARN_UNUSED_VARIABLE = YES;
				IPHONEOS_DEPLOYMENT_TARGET = 8.1;
				MTL_ENABLE_DEBUG_INFO = YES;
				ONLY_ACTIVE_ARCH = YES;
				SDKROOT = iphoneos;
				TARGETED_DEVICE_FAMILY = "1,2";
			};
			name = Debug;
		};
		4406589F1A064E48008E7BE7 /* Release */ = {
			isa = XCBuildConfiguration;
			buildSettings = {
				ALWAYS_SEARCH_USER_PATHS = NO;
				CLANG_CXX_LANGUAGE_STANDARD = "gnu++0x";
				CLANG_CXX_LIBRARY = "libc++";
				CLANG_ENABLE_MODULES = YES;
				CLANG_ENABLE_OBJC_ARC = YES;
				CLANG_WARN_BOOL_CONVERSION = YES;
				CLANG_WARN_CONSTANT_CONVERSION = YES;
				CLANG_WARN_DIRECT_OBJC_ISA_USAGE = YES_ERROR;
				CLANG_WARN_EMPTY_BODY = YES;
				CLANG_WARN_ENUM_CONVERSION = YES;
				CLANG_WARN_INT_CONVERSION = YES;
				CLANG_WARN_OBJC_ROOT_CLASS = YES_ERROR;
				CLANG_WARN_UNREACHABLE_CODE = YES;
				CLANG_WARN__DUPLICATE_METHOD_MATCH = YES;
				"CODE_SIGN_IDENTITY[sdk=iphoneos*]" = "iPhone Developer";
				COPY_PHASE_STRIP = YES;
				ENABLE_NS_ASSERTIONS = NO;
				ENABLE_STRICT_OBJC_MSGSEND = YES;
				GCC_C_LANGUAGE_STANDARD = gnu99;
				GCC_WARN_64_TO_32_BIT_CONVERSION = YES;
				GCC_WARN_ABOUT_RETURN_TYPE = YES_ERROR;
				GCC_WARN_UNDECLARED_SELECTOR = YES;
				GCC_WARN_UNINITIALIZED_AUTOS = YES_AGGRESSIVE;
				GCC_WARN_UNUSED_FUNCTION = YES;
				GCC_WARN_UNUSED_VARIABLE = YES;
				IPHONEOS_DEPLOYMENT_TARGET = 8.1;
				MTL_ENABLE_DEBUG_INFO = NO;
				SDKROOT = iphoneos;
				TARGETED_DEVICE_FAMILY = "1,2";
				VALIDATE_PRODUCT = YES;
			};
			name = Release;
		};
		440658A11A064E48008E7BE7 /* Debug */ = {
			isa = XCBuildConfiguration;
			buildSettings = {
				ASSETCATALOG_COMPILER_APPICON_NAME = AppIcon;
				INFOPLIST_FILE = IphoneApp/Info.plist;
				LD_RUNPATH_SEARCH_PATHS = "$(inherited) @executable_path/Frameworks";
				PRODUCT_NAME = "$(TARGET_NAME)";
			};
			name = Debug;
		};
		440658A21A064E48008E7BE7 /* Release */ = {
			isa = XCBuildConfiguration;
			buildSettings = {
				ASSETCATALOG_COMPILER_APPICON_NAME = AppIcon;
				INFOPLIST_FILE = IphoneApp/Info.plist;
				LD_RUNPATH_SEARCH_PATHS = "$(inherited) @executable_path/Frameworks";
				PRODUCT_NAME = "$(TARGET_NAME)";
			};
			name = Release;
		};
		440658A41A064E48008E7BE7 /* Debug */ = {
			isa = XCBuildConfiguration;
			buildSettings = {
				BUNDLE_LOADER = "$(TEST_HOST)";
				FRAMEWORK_SEARCH_PATHS = (
					"$(SDKROOT)/Developer/Library/Frameworks",
					"$(inherited)",
				);
				GCC_PREPROCESSOR_DEFINITIONS = (
					"DEBUG=1",
					"$(inherited)",
				);
				INFOPLIST_FILE = IphoneAppTests/Info.plist;
				LD_RUNPATH_SEARCH_PATHS = "$(inherited) @executable_path/Frameworks @loader_path/Frameworks";
				PRODUCT_NAME = "$(TARGET_NAME)";
				TEST_HOST = "$(BUILT_PRODUCTS_DIR)/IphoneApp.app/IphoneApp";
			};
			name = Debug;
		};
		440658A51A064E48008E7BE7 /* Release */ = {
			isa = XCBuildConfiguration;
			buildSettings = {
				BUNDLE_LOADER = "$(TEST_HOST)";
				FRAMEWORK_SEARCH_PATHS = (
					"$(SDKROOT)/Developer/Library/Frameworks",
					"$(inherited)",
				);
				INFOPLIST_FILE = IphoneAppTests/Info.plist;
				LD_RUNPATH_SEARCH_PATHS = "$(inherited) @executable_path/Frameworks @loader_path/Frameworks";
				PRODUCT_NAME = "$(TARGET_NAME)";
				TEST_HOST = "$(BUILT_PRODUCTS_DIR)/IphoneApp.app/IphoneApp";
			};
			name = Release;
		};
/* End XCBuildConfiguration section */

/* Begin XCConfigurationList section */
		440658781A064E48008E7BE7 /* Build configuration list for PBXProject "IphoneApp" */ = {
			isa = XCConfigurationList;
			buildConfigurations = (
				4406589E1A064E48008E7BE7 /* Debug */,
				4406589F1A064E48008E7BE7 /* Release */,
			);
			defaultConfigurationIsVisible = 0;
			defaultConfigurationName = Release;
		};
		440658A01A064E48008E7BE7 /* Build configuration list for PBXNativeTarget "IphoneApp" */ = {
			isa = XCConfigurationList;
			buildConfigurations = (
				440658A11A064E48008E7BE7 /* Debug */,
				440658A21A064E48008E7BE7 /* Release */,
			);
			defaultConfigurationIsVisible = 0;
		};
		440658A31A064E48008E7BE7 /* Build configuration list for PBXNativeTarget "IphoneAppTests" */ = {
			isa = XCConfigurationList;
			buildConfigurations = (
				440658A41A064E48008E7BE7 /* Debug */,
				440658A51A064E48008E7BE7 /* Release */,
			);
			defaultConfigurationIsVisible = 0;
		};
/* End XCConfigurationList section */
	};
	rootObject = 440658751A064E48008E7BE7 /* Project object */;
}
